// !$*UTF8*$!
{
	archiveVersion = 1;
	classes = {
	};
	objectVersion = 50;
	objects = {

/* Begin PBXBuildFile section */
		38A9C5FA25BAB473007C3E48 /* AppDelegate.swift in Sources */ = {isa = PBXBuildFile; fileRef = 38A9C5F925BAB473007C3E48 /* AppDelegate.swift */; };
		38A9C5FC25BAB473007C3E48 /* SceneDelegate.swift in Sources */ = {isa = PBXBuildFile; fileRef = 38A9C5FB25BAB473007C3E48 /* SceneDelegate.swift */; };
		38A9C5FE25BAB473007C3E48 /* ViewController.swift in Sources */ = {isa = PBXBuildFile; fileRef = 38A9C5FD25BAB473007C3E48 /* ViewController.swift */; };
		38A9C60125BAB473007C3E48 /* Main.storyboard in Resources */ = {isa = PBXBuildFile; fileRef = 38A9C5FF25BAB473007C3E48 /* Main.storyboard */; };
		38A9C60325BAB475007C3E48 /* Assets.xcassets in Resources */ = {isa = PBXBuildFile; fileRef = 38A9C60225BAB475007C3E48 /* Assets.xcassets */; };
		38A9C60625BAB475007C3E48 /* LaunchScreen.storyboard in Resources */ = {isa = PBXBuildFile; fileRef = 38A9C60425BAB475007C3E48 /* LaunchScreen.storyboard */; };
		9ECD41918D56F029DF58FC0A /* Pods_podTest.framework in Frameworks */ = {isa = PBXBuildFile; fileRef = 7D3F4E91F2649AF24817A3FB /* Pods_podTest.framework */; };
/* End PBXBuildFile section */

/* Begin PBXFileReference section */
		38A9C5F625BAB473007C3E48 /* podTest.app */ = {isa = PBXFileReference; explicitFileType = wrapper.application; includeInIndex = 0; path = podTest.app; sourceTree = BUILT_PRODUCTS_DIR; };
		38A9C5F925BAB473007C3E48 /* AppDelegate.swift */ = {isa = PBXFileReference; lastKnownFileType = sourcecode.swift; path = AppDelegate.swift; sourceTree = "<group>"; };
		38A9C5FB25BAB473007C3E48 /* SceneDelegate.swift */ = {isa = PBXFileReference; lastKnownFileType = sourcecode.swift; path = SceneDelegate.swift; sourceTree = "<group>"; };
		38A9C5FD25BAB473007C3E48 /* ViewController.swift */ = {isa = PBXFileReference; lastKnownFileType = sourcecode.swift; path = ViewController.swift; sourceTree = "<group>"; };
		38A9C60025BAB473007C3E48 /* Base */ = {isa = PBXFileReference; lastKnownFileType = file.storyboard; name = Base; path = Base.lproj/Main.storyboard; sourceTree = "<group>"; };
		38A9C60225BAB475007C3E48 /* Assets.xcassets */ = {isa = PBXFileReference; lastKnownFileType = folder.assetcatalog; path = Assets.xcassets; sourceTree = "<group>"; };
		38A9C60525BAB475007C3E48 /* Base */ = {isa = PBXFileReference; lastKnownFileType = file.storyboard; name = Base; path = Base.lproj/LaunchScreen.storyboard; sourceTree = "<group>"; };
		38A9C60725BAB475007C3E48 /* Info.plist */ = {isa = PBXFileReference; lastKnownFileType = text.plist.xml; path = Info.plist; sourceTree = "<group>"; };
		4793C72DFBA08491E225142A /* Pods-podTest.debug.xcconfig */ = {isa = PBXFileReference; includeInIndex = 1; lastKnownFileType = text.xcconfig; name = "Pods-podTest.debug.xcconfig"; path = "Target Support Files/Pods-podTest/Pods-podTest.debug.xcconfig"; sourceTree = "<group>"; };
		7D3F4E91F2649AF24817A3FB /* Pods_podTest.framework */ = {isa = PBXFileReference; explicitFileType = wrapper.framework; includeInIndex = 0; path = Pods_podTest.framework; sourceTree = BUILT_PRODUCTS_DIR; };
		9DF503A3EEBB9A18003EA253 /* Pods-podTest.release.xcconfig */ = {isa = PBXFileReference; includeInIndex = 1; lastKnownFileType = text.xcconfig; name = "Pods-podTest.release.xcconfig"; path = "Target Support Files/Pods-podTest/Pods-podTest.release.xcconfig"; sourceTree = "<group>"; };
/* End PBXFileReference section */

/* Begin PBXFrameworksBuildPhase section */
		38A9C5F325BAB473007C3E48 /* Frameworks */ = {
			isa = PBXFrameworksBuildPhase;
			buildActionMask = 2147483647;
			files = (
				9ECD41918D56F029DF58FC0A /* Pods_podTest.framework in Frameworks */,
			);
			runOnlyForDeploymentPostprocessing = 0;
		};
/* End PBXFrameworksBuildPhase section */

/* Begin PBXGroup section */
		38A9C5ED25BAB473007C3E48 = {
			isa = PBXGroup;
			children = (
				38A9C5F825BAB473007C3E48 /* podTest */,
				38A9C5F725BAB473007C3E48 /* Products */,
				803F54AB6201ACEB33006F59 /* Pods */,
				547E984E35FF1FC58E3F79D0 /* Frameworks */,
			);
			sourceTree = "<group>";
		};
		38A9C5F725BAB473007C3E48 /* Products */ = {
			isa = PBXGroup;
			children = (
				38A9C5F625BAB473007C3E48 /* podTest.app */,
			);
			name = Products;
			sourceTree = "<group>";
		};
		38A9C5F825BAB473007C3E48 /* podTest */ = {
			isa = PBXGroup;
			children = (
				38A9C5F925BAB473007C3E48 /* AppDelegate.swift */,
				38A9C5FB25BAB473007C3E48 /* SceneDelegate.swift */,
				38A9C5FD25BAB473007C3E48 /* ViewController.swift */,
				38A9C5FF25BAB473007C3E48 /* Main.storyboard */,
				38A9C60225BAB475007C3E48 /* Assets.xcassets */,
				38A9C60425BAB475007C3E48 /* LaunchScreen.storyboard */,
				38A9C60725BAB475007C3E48 /* Info.plist */,
			);
			path = podTest;
			sourceTree = "<group>";
		};
		547E984E35FF1FC58E3F79D0 /* Frameworks */ = {
			isa = PBXGroup;
			children = (
				7D3F4E91F2649AF24817A3FB /* Pods_podTest.framework */,
			);
			name = Frameworks;
			sourceTree = "<group>";
		};
		803F54AB6201ACEB33006F59 /* Pods */ = {
			isa = PBXGroup;
			children = (
				4793C72DFBA08491E225142A /* Pods-podTest.debug.xcconfig */,
				9DF503A3EEBB9A18003EA253 /* Pods-podTest.release.xcconfig */,
			);
			name = Pods;
			path = Pods;
			sourceTree = "<group>";
		};
/* End PBXGroup section */

/* Begin PBXNativeTarget section */
		38A9C5F525BAB473007C3E48 /* podTest */ = {
			isa = PBXNativeTarget;
			buildConfigurationList = 38A9C60A25BAB475007C3E48 /* Build configuration list for PBXNativeTarget "podTest" */;
			buildPhases = (
				4201ED5EBE8EAE37AE01EA9C /* [CP] Check Pods Manifest.lock */,
				38A9C5F225BAB473007C3E48 /* Sources */,
				38A9C5F325BAB473007C3E48 /* Frameworks */,
				38A9C5F425BAB473007C3E48 /* Resources */,
				038F21B7CA141DE54DBAF4D2 /* [CP] Embed Pods Frameworks */,
			);
			buildRules = (
			);
			dependencies = (
			);
			name = podTest;
			productName = podTest;
			productReference = 38A9C5F625BAB473007C3E48 /* podTest.app */;
			productType = "com.apple.product-type.application";
		};
/* End PBXNativeTarget section */

/* Begin PBXProject section */
		38A9C5EE25BAB473007C3E48 /* Project object */ = {
			isa = PBXProject;
			attributes = {
				LastSwiftUpdateCheck = 1230;
				LastUpgradeCheck = 1230;
				TargetAttributes = {
					38A9C5F525BAB473007C3E48 = {
						CreatedOnToolsVersion = 12.3;
					};
				};
			};
			buildConfigurationList = 38A9C5F125BAB473007C3E48 /* Build configuration list for PBXProject "podTest" */;
			compatibilityVersion = "Xcode 9.3";
			developmentRegion = en;
			hasScannedForEncodings = 0;
			knownRegions = (
				en,
				Base,
			);
			mainGroup = 38A9C5ED25BAB473007C3E48;
			productRefGroup = 38A9C5F725BAB473007C3E48 /* Products */;
			projectDirPath = "";
			projectRoot = "";
			targets = (
				38A9C5F525BAB473007C3E48 /* podTest */,
			);
		};
/* End PBXProject section */

/* Begin PBXResourcesBuildPhase section */
		38A9C5F425BAB473007C3E48 /* Resources */ = {
			isa = PBXResourcesBuildPhase;
			buildActionMask = 2147483647;
			files = (
				38A9C60625BAB475007C3E48 /* LaunchScreen.storyboard in Resources */,
				38A9C60325BAB475007C3E48 /* Assets.xcassets in Resources */,
				38A9C60125BAB473007C3E48 /* Main.storyboard in Resources */,
			);
			runOnlyForDeploymentPostprocessing = 0;
		};
/* End PBXResourcesBuildPhase section */

/* Begin PBXShellScriptBuildPhase section */
		038F21B7CA141DE54DBAF4D2 /* [CP] Embed Pods Frameworks */ = {
			isa = PBXShellScriptBuildPhase;
			buildActionMask = 2147483647;
			files = (
			);
			inputFileListPaths = (
				"${PODS_ROOT}/Target Support Files/Pods-podTest/Pods-podTest-frameworks-${CONFIGURATION}-input-files.xcfilelist",
			);
			name = "[CP] Embed Pods Frameworks";
			outputFileListPaths = (
				"${PODS_ROOT}/Target Support Files/Pods-podTest/Pods-podTest-frameworks-${CONFIGURATION}-output-files.xcfilelist",
			);
			runOnlyForDeploymentPostprocessing = 0;
			shellPath = /bin/sh;
			shellScript = "\"${PODS_ROOT}/Target Support Files/Pods-podTest/Pods-podTest-frameworks.sh\"\n";
			showEnvVarsInLog = 0;
		};
		4201ED5EBE8EAE37AE01EA9C /* [CP] Check Pods Manifest.lock */ = {
			isa = PBXShellScriptBuildPhase;
			buildActionMask = 2147483647;
			files = (
			);
			inputFileListPaths = (
			);
			inputPaths = (
				"${PODS_PODFILE_DIR_PATH}/Podfile.lock",
				"${PODS_ROOT}/Manifest.lock",
			);
			name = "[CP] Check Pods Manifest.lock";
			outputFileListPaths = (
			);
			outputPaths = (
				"$(DERIVED_FILE_DIR)/Pods-podTest-checkManifestLockResult.txt",
			);
			runOnlyForDeploymentPostprocessing = 0;
			shellPath = /bin/sh;
			shellScript = "diff \"${PODS_PODFILE_DIR_PATH}/Podfile.lock\" \"${PODS_ROOT}/Manifest.lock\" > /dev/null\nif [ $? != 0 ] ; then\n    # print error to STDERR\n    echo \"error: The sandbox is not in sync with the Podfile.lock. Run 'pod install' or update your CocoaPods installation.\" >&2\n    exit 1\nfi\n# This output is used by Xcode 'outputs' to avoid re-running this script phase.\necho \"SUCCESS\" > \"${SCRIPT_OUTPUT_FILE_0}\"\n";
			showEnvVarsInLog = 0;
		};
/* End PBXShellScriptBuildPhase section */

/* Begin PBXSourcesBuildPhase section */
		38A9C5F225BAB473007C3E48 /* Sources */ = {
			isa = PBXSourcesBuildPhase;
			buildActionMask = 2147483647;
			files = (
				38A9C5FE25BAB473007C3E48 /* ViewController.swift in Sources */,
				38A9C5FA25BAB473007C3E48 /* AppDelegate.swift in Sources */,
				38A9C5FC25BAB473007C3E48 /* SceneDelegate.swift in Sources */,
			);
			runOnlyForDeploymentPostprocessing = 0;
		};
/* End PBXSourcesBuildPhase section */

/* Begin PBXVariantGroup section */
		38A9C5FF25BAB473007C3E48 /* Main.storyboard */ = {
			isa = PBXVariantGroup;
			children = (
				38A9C60025BAB473007C3E48 /* Base */,
			);
			name = Main.storyboard;
			sourceTree = "<group>";
		};
		38A9C60425BAB475007C3E48 /* LaunchScreen.storyboard */ = {
			isa = PBXVariantGroup;
			children = (
				38A9C60525BAB475007C3E48 /* Base */,
			);
			name = LaunchScreen.storyboard;
			sourceTree = "<group>";
		};
/* End PBXVariantGroup section */

/* Begin XCBuildConfiguration section */
		38A9C60825BAB475007C3E48 /* Debug */ = {
			isa = XCBuildConfiguration;
			buildSettings = {
				ALWAYS_SEARCH_USER_PATHS = NO;
				CLANG_ANALYZER_NONNULL = YES;
				CLANG_ANALYZER_NUMBER_OBJECT_CONVERSION = YES_AGGRESSIVE;
				CLANG_CXX_LANGUAGE_STANDARD = "gnu++14";
				CLANG_CXX_LIBRARY = "libc++";
				CLANG_ENABLE_MODULES = YES;
				CLANG_ENABLE_OBJC_ARC = YES;
				CLANG_ENABLE_OBJC_WEAK = YES;
				CLANG_WARN_BLOCK_CAPTURE_AUTORELEASING = YES;
				CLANG_WARN_BOOL_CONVERSION = YES;
				CLANG_WARN_COMMA = YES;
				CLANG_WARN_CONSTANT_CONVERSION = YES;
				CLANG_WARN_DEPRECATED_OBJC_IMPLEMENTATIONS = YES;
				CLANG_WARN_DIRECT_OBJC_ISA_USAGE = YES_ERROR;
				CLANG_WARN_DOCUMENTATION_COMMENTS = YES;
				CLANG_WARN_EMPTY_BODY = YES;
				CLANG_WARN_ENUM_CONVERSION = YES;
				CLANG_WARN_INFINITE_RECURSION = YES;
				CLANG_WARN_INT_CONVERSION = YES;
				CLANG_WARN_NON_LITERAL_NULL_CONVERSION = YES;
				CLANG_WARN_OBJC_IMPLICIT_RETAIN_SELF = YES;
				CLANG_WARN_OBJC_LITERAL_CONVERSION = YES;
				CLANG_WARN_OBJC_ROOT_CLASS = YES_ERROR;
				CLANG_WARN_QUOTED_INCLUDE_IN_FRAMEWORK_HEADER = YES;
				CLANG_WARN_RANGE_LOOP_ANALYSIS = YES;
				CLANG_WARN_STRICT_PROTOTYPES = YES;
				CLANG_WARN_SUSPICIOUS_MOVE = YES;
				CLANG_WARN_UNGUARDED_AVAILABILITY = YES_AGGRESSIVE;
				CLANG_WARN_UNREACHABLE_CODE = YES;
				CLANG_WARN__DUPLICATE_METHOD_MATCH = YES;
				COPY_PHASE_STRIP = NO;
				DEBUG_INFORMATION_FORMAT = dwarf;
				ENABLE_STRICT_OBJC_MSGSEND = YES;
				ENABLE_TESTABILITY = YES;
				GCC_C_LANGUAGE_STANDARD = gnu11;
				GCC_DYNAMIC_NO_PIC = NO;
				GCC_NO_COMMON_BLOCKS = YES;
				GCC_OPTIMIZATION_LEVEL = 0;
				GCC_PREPROCESSOR_DEFINITIONS = (
					"DEBUG=1",
					"$(inherited)",
				);
				GCC_WARN_64_TO_32_BIT_CONVERSION = YES;
				GCC_WARN_ABOUT_RETURN_TYPE = YES_ERROR;
				GCC_WARN_UNDECLARED_SELECTOR = YES;
				GCC_WARN_UNINITIALIZED_AUTOS = YES_AGGRESSIVE;
				GCC_WARN_UNUSED_FUNCTION = YES;
				GCC_WARN_UNUSED_VARIABLE = YES;
				IPHONEOS_DEPLOYMENT_TARGET = 14.3;
				MTL_ENABLE_DEBUG_INFO = INCLUDE_SOURCE;
				MTL_FAST_MATH = YES;
				ONLY_ACTIVE_ARCH = YES;
				SDKROOT = iphoneos;
				SWIFT_ACTIVE_COMPILATION_CONDITIONS = DEBUG;
				SWIFT_OPTIMIZATION_LEVEL = "-Onone";
			};
			name = Debug;
		};
		38A9C60925BAB475007C3E48 /* Release */ = {
			isa = XCBuildConfiguration;
			buildSettings = {
				ALWAYS_SEARCH_USER_PATHS = NO;
				CLANG_ANALYZER_NONNULL = YES;
				CLANG_ANALYZER_NUMBER_OBJECT_CONVERSION = YES_AGGRESSIVE;
				CLANG_CXX_LANGUAGE_STANDARD = "gnu++14";
				CLANG_CXX_LIBRARY = "libc++";
				CLANG_ENABLE_MODULES = YES;
				CLANG_ENABLE_OBJC_ARC = YES;
				CLANG_ENABLE_OBJC_WEAK = YES;
				CLANG_WARN_BLOCK_CAPTURE_AUTORELEASING = YES;
				CLANG_WARN_BOOL_CONVERSION = YES;
				CLANG_WARN_COMMA = YES;
				CLANG_WARN_CONSTANT_CONVERSION = YES;
				CLANG_WARN_DEPRECATED_OBJC_IMPLEMENTATIONS = YES;
				CLANG_WARN_DIRECT_OBJC_ISA_USAGE = YES_ERROR;
				CLANG_WARN_DOCUMENTATION_COMMENTS = YES;
				CLANG_WARN_EMPTY_BODY = YES;
				CLANG_WARN_ENUM_CONVERSION = YES;
				CLANG_WARN_INFINITE_RECURSION = YES;
				CLANG_WARN_INT_CONVERSION = YES;
				CLANG_WARN_NON_LITERAL_NULL_CONVERSION = YES;
				CLANG_WARN_OBJC_IMPLICIT_RETAIN_SELF = YES;
				CLANG_WARN_OBJC_LITERAL_CONVERSION = YES;
				CLANG_WARN_OBJC_ROOT_CLASS = YES_ERROR;
				CLANG_WARN_QUOTED_INCLUDE_IN_FRAMEWORK_HEADER = YES;
				CLANG_WARN_RANGE_LOOP_ANALYSIS = YES;
				CLANG_WARN_STRICT_PROTOTYPES = YES;
				CLANG_WARN_SUSPICIOUS_MOVE = YES;
				CLANG_WARN_UNGUARDED_AVAILABILITY = YES_AGGRESSIVE;
				CLANG_WARN_UNREACHABLE_CODE = YES;
				CLANG_WARN__DUPLICATE_METHOD_MATCH = YES;
				COPY_PHASE_STRIP = NO;
				DEBUG_INFORMATION_FORMAT = "dwarf-with-dsym";
				ENABLE_NS_ASSERTIONS = NO;
				ENABLE_STRICT_OBJC_MSGSEND = YES;
				GCC_C_LANGUAGE_STANDARD = gnu11;
				GCC_NO_COMMON_BLOCKS = YES;
				GCC_WARN_64_TO_32_BIT_CONVERSION = YES;
				GCC_WARN_ABOUT_RETURN_TYPE = YES_ERROR;
				GCC_WARN_UNDECLARED_SELECTOR = YES;
				GCC_WARN_UNINITIALIZED_AUTOS = YES_AGGRESSIVE;
				GCC_WARN_UNUSED_FUNCTION = YES;
				GCC_WARN_UNUSED_VARIABLE = YES;
				IPHONEOS_DEPLOYMENT_TARGET = 14.3;
				MTL_ENABLE_DEBUG_INFO = NO;
				MTL_FAST_MATH = YES;
				SDKROOT = iphoneos;
				SWIFT_COMPILATION_MODE = wholemodule;
				SWIFT_OPTIMIZATION_LEVEL = "-O";
				VALIDATE_PRODUCT = YES;
			};
			name = Release;
		};
		38A9C60B25BAB475007C3E48 /* Debug */ = {
			isa = XCBuildConfiguration;
			baseConfigurationReference = 4793C72DFBA08491E225142A /* Pods-podTest.debug.xcconfig */;
			buildSettings = {
				ASSETCATALOG_COMPILER_APPICON_NAME = AppIcon;
				ASSETCATALOG_COMPILER_GLOBAL_ACCENT_COLOR_NAME = AccentColor;
				CODE_SIGN_STYLE = Automatic;
				DEVELOPMENT_TEAM = CU8USZ38UD;
				INFOPLIST_FILE = podTest/Info.plist;
				LD_RUNPATH_SEARCH_PATHS = (
					"$(inherited)",
					"@executable_path/Frameworks",
				);
				PRODUCT_BUNDLE_IDENTIFIER = com.hayato.podTest;
				PRODUCT_NAME = "$(TARGET_NAME)";
				SWIFT_VERSION = 5.0;
				TARGETED_DEVICE_FAMILY = "1,2";
			};
			name = Debug;
		};
		38A9C60C25BAB475007C3E48 /* Release */ = {
			isa = XCBuildConfiguration;
			baseConfigurationReference = 9DF503A3EEBB9A18003EA253 /* Pods-podTest.release.xcconfig */;
			buildSettings = {
				ASSETCATALOG_COMPILER_APPICON_NAME = AppIcon;
				ASSETCATALOG_COMPILER_GLOBAL_ACCENT_COLOR_NAME = AccentColor;
				CODE_SIGN_STYLE = Automatic;
				DEVELOPMENT_TEAM = CU8USZ38UD;
				INFOPLIST_FILE = podTest/Info.plist;
				LD_RUNPATH_SEARCH_PATHS = (
					"$(inherited)",
					"@executable_path/Frameworks",
				);
				PRODUCT_BUNDLE_IDENTIFIER = com.hayato.podTest;
				PRODUCT_NAME = "$(TARGET_NAME)";
				SWIFT_VERSION = 5.0;
				TARGETED_DEVICE_FAMILY = "1,2";
			};
			name = Release;
		};
/* End XCBuildConfiguration section */

/* Begin XCConfigurationList section */
		38A9C5F125BAB473007C3E48 /* Build configuration list for PBXProject "podTest" */ = {
			isa = XCConfigurationList;
			buildConfigurations = (
				38A9C60825BAB475007C3E48 /* Debug */,
				38A9C60925BAB475007C3E48 /* Release */,
			);
			defaultConfigurationIsVisible = 0;
			defaultConfigurationName = Release;
		};
		38A9C60A25BAB475007C3E48 /* Build configuration list for PBXNativeTarget "podTest" */ = {
			isa = XCConfigurationList;
			buildConfigurations = (
				38A9C60B25BAB475007C3E48 /* Debug */,
				38A9C60C25BAB475007C3E48 /* Release */,
			);
			defaultConfigurationIsVisible = 0;
			defaultConfigurationName = Release;
		};
/* End XCConfigurationList section */
	};
	rootObject = 38A9C5EE25BAB473007C3E48 /* Project object */;
}
